// !$*UTF8*$!
{
	archiveVersion = 1;
	classes = {
	};
	objectVersion = 55;
	objects = {

/* Begin PBXBuildFile section */
		3A65EC3AF98584F6CFEBE17F /* Pods_RecyPlaces.framework in Frameworks */ = {isa = PBXBuildFile; fileRef = 6FBBB0674C9BAE8AC3EA986B /* Pods_RecyPlaces.framework */; };
		8B348D1B2919E3CA000B535A /* AppDelegate.swift in Sources */ = {isa = PBXBuildFile; fileRef = 8B348D1A2919E3CA000B535A /* AppDelegate.swift */; };
		8B348D1D2919E3CA000B535A /* SceneDelegate.swift in Sources */ = {isa = PBXBuildFile; fileRef = 8B348D1C2919E3CA000B535A /* SceneDelegate.swift */; };
		8B348D1F2919E3CA000B535A /* ViewController.swift in Sources */ = {isa = PBXBuildFile; fileRef = 8B348D1E2919E3CA000B535A /* ViewController.swift */; };
		8B348D222919E3CA000B535A /* Main.storyboard in Resources */ = {isa = PBXBuildFile; fileRef = 8B348D202919E3CA000B535A /* Main.storyboard */; };
		8B348D242919E3CC000B535A /* Assets.xcassets in Resources */ = {isa = PBXBuildFile; fileRef = 8B348D232919E3CC000B535A /* Assets.xcassets */; };
		8B348D272919E3CC000B535A /* LaunchScreen.storyboard in Resources */ = {isa = PBXBuildFile; fileRef = 8B348D252919E3CC000B535A /* LaunchScreen.storyboard */; };
		8B348D302919E479000B535A /* MapsViewController.swift in Sources */ = {isa = PBXBuildFile; fileRef = 8B348D2F2919E479000B535A /* MapsViewController.swift */; };
		8B348D322919E505000B535A /* NearMeTableViewController.swift in Sources */ = {isa = PBXBuildFile; fileRef = 8B348D312919E505000B535A /* NearMeTableViewController.swift */; };
		8B348D342919E536000B535A /* ContainerViewController.swift in Sources */ = {isa = PBXBuildFile; fileRef = 8B348D332919E536000B535A /* ContainerViewController.swift */; };
		8B348D362919E572000B535A /* MapViewDetailsTableViewController.swift in Sources */ = {isa = PBXBuildFile; fileRef = 8B348D352919E572000B535A /* MapViewDetailsTableViewController.swift */; };
		8B348D392919E59C000B535A /* NearMeTableViewCell.swift in Sources */ = {isa = PBXBuildFile; fileRef = 8B348D382919E59C000B535A /* NearMeTableViewCell.swift */; };
		8B348D3D2919E652000B535A /* UIColor+Extension.swift in Sources */ = {isa = PBXBuildFile; fileRef = 8B348D3C2919E652000B535A /* UIColor+Extension.swift */; };
		8B348D402919E862000B535A /* Place.swift in Sources */ = {isa = PBXBuildFile; fileRef = 8B348D3F2919E862000B535A /* Place.swift */; };
		8B348D422919E888000B535A /* PlaceAnnotation.swift in Sources */ = {isa = PBXBuildFile; fileRef = 8B348D412919E888000B535A /* PlaceAnnotation.swift */; };
		8B348D442919EDA0000B535A /* ViewConfiguration.swift in Sources */ = {isa = PBXBuildFile; fileRef = 8B348D432919EDA0000B535A /* ViewConfiguration.swift */; };
		8BF71D62291AEFB70065B9DA /* RecyPlaces-2.gif in Resources */ = {isa = PBXBuildFile; fileRef = 8BF71D61291AEFB70065B9DA /* RecyPlaces-2.gif */; };
		8BF71D64291AF0770065B9DA /* LaunchScreenViewController.swift in Sources */ = {isa = PBXBuildFile; fileRef = 8BF71D63291AF0770065B9DA /* LaunchScreenViewController.swift */; };
		8BF71D66291AF08F0065B9DA /* UIImageView+Extension.swift in Sources */ = {isa = PBXBuildFile; fileRef = 8BF71D65291AF08F0065B9DA /* UIImageView+Extension.swift */; };
/* End PBXBuildFile section */

/* Begin PBXFileReference section */
		6FBBB0674C9BAE8AC3EA986B /* Pods_RecyPlaces.framework */ = {isa = PBXFileReference; explicitFileType = wrapper.framework; includeInIndex = 0; path = Pods_RecyPlaces.framework; sourceTree = BUILT_PRODUCTS_DIR; };
		80A627A8047A0A0869D44541 /* Pods-RecyPlaces.release.xcconfig */ = {isa = PBXFileReference; includeInIndex = 1; lastKnownFileType = text.xcconfig; name = "Pods-RecyPlaces.release.xcconfig"; path = "Target Support Files/Pods-RecyPlaces/Pods-RecyPlaces.release.xcconfig"; sourceTree = "<group>"; };
		8B348D172919E3CA000B535A /* RecyPlaces.app */ = {isa = PBXFileReference; explicitFileType = wrapper.application; includeInIndex = 0; path = RecyPlaces.app; sourceTree = BUILT_PRODUCTS_DIR; };
		8B348D1A2919E3CA000B535A /* AppDelegate.swift */ = {isa = PBXFileReference; lastKnownFileType = sourcecode.swift; path = AppDelegate.swift; sourceTree = "<group>"; };
		8B348D1C2919E3CA000B535A /* SceneDelegate.swift */ = {isa = PBXFileReference; lastKnownFileType = sourcecode.swift; path = SceneDelegate.swift; sourceTree = "<group>"; };
		8B348D1E2919E3CA000B535A /* ViewController.swift */ = {isa = PBXFileReference; lastKnownFileType = sourcecode.swift; path = ViewController.swift; sourceTree = "<group>"; };
		8B348D212919E3CA000B535A /* Base */ = {isa = PBXFileReference; lastKnownFileType = file.storyboard; name = Base; path = Base.lproj/Main.storyboard; sourceTree = "<group>"; };
		8B348D232919E3CC000B535A /* Assets.xcassets */ = {isa = PBXFileReference; lastKnownFileType = folder.assetcatalog; path = Assets.xcassets; sourceTree = "<group>"; };
		8B348D262919E3CC000B535A /* Base */ = {isa = PBXFileReference; lastKnownFileType = file.storyboard; name = Base; path = Base.lproj/LaunchScreen.storyboard; sourceTree = "<group>"; };
		8B348D282919E3CC000B535A /* Info.plist */ = {isa = PBXFileReference; lastKnownFileType = text.plist.xml; path = Info.plist; sourceTree = "<group>"; };
		8B348D2F2919E479000B535A /* MapsViewController.swift */ = {isa = PBXFileReference; lastKnownFileType = sourcecode.swift; path = MapsViewController.swift; sourceTree = "<group>"; };
		8B348D312919E505000B535A /* NearMeTableViewController.swift */ = {isa = PBXFileReference; lastKnownFileType = sourcecode.swift; path = NearMeTableViewController.swift; sourceTree = "<group>"; };
		8B348D332919E536000B535A /* ContainerViewController.swift */ = {isa = PBXFileReference; lastKnownFileType = sourcecode.swift; path = ContainerViewController.swift; sourceTree = "<group>"; };
		8B348D352919E572000B535A /* MapViewDetailsTableViewController.swift */ = {isa = PBXFileReference; lastKnownFileType = sourcecode.swift; path = MapViewDetailsTableViewController.swift; sourceTree = "<group>"; };
		8B348D382919E59C000B535A /* NearMeTableViewCell.swift */ = {isa = PBXFileReference; lastKnownFileType = sourcecode.swift; path = NearMeTableViewCell.swift; sourceTree = "<group>"; };
		8B348D3C2919E652000B535A /* UIColor+Extension.swift */ = {isa = PBXFileReference; lastKnownFileType = sourcecode.swift; path = "UIColor+Extension.swift"; sourceTree = "<group>"; };
		8B348D3F2919E862000B535A /* Place.swift */ = {isa = PBXFileReference; lastKnownFileType = sourcecode.swift; path = Place.swift; sourceTree = "<group>"; };
		8B348D412919E888000B535A /* PlaceAnnotation.swift */ = {isa = PBXFileReference; lastKnownFileType = sourcecode.swift; path = PlaceAnnotation.swift; sourceTree = "<group>"; };
		8B348D432919EDA0000B535A /* ViewConfiguration.swift */ = {isa = PBXFileReference; lastKnownFileType = sourcecode.swift; path = ViewConfiguration.swift; sourceTree = "<group>"; };
		8BF71D61291AEFB70065B9DA /* RecyPlaces-2.gif */ = {isa = PBXFileReference; lastKnownFileType = image.gif; path = "RecyPlaces-2.gif"; sourceTree = "<group>"; };
		8BF71D63291AF0770065B9DA /* LaunchScreenViewController.swift */ = {isa = PBXFileReference; lastKnownFileType = sourcecode.swift; path = LaunchScreenViewController.swift; sourceTree = "<group>"; };
		8BF71D65291AF08F0065B9DA /* UIImageView+Extension.swift */ = {isa = PBXFileReference; lastKnownFileType = sourcecode.swift; path = "UIImageView+Extension.swift"; sourceTree = "<group>"; };
		BE9E02438C2DE226E0FCF13E /* Pods-RecyPlaces.debug.xcconfig */ = {isa = PBXFileReference; includeInIndex = 1; lastKnownFileType = text.xcconfig; name = "Pods-RecyPlaces.debug.xcconfig"; path = "Target Support Files/Pods-RecyPlaces/Pods-RecyPlaces.debug.xcconfig"; sourceTree = "<group>"; };
/* End PBXFileReference section */

/* Begin PBXFrameworksBuildPhase section */
		8B348D142919E3CA000B535A /* Frameworks */ = {
			isa = PBXFrameworksBuildPhase;
			buildActionMask = 2147483647;
			files = (
				3A65EC3AF98584F6CFEBE17F /* Pods_RecyPlaces.framework in Frameworks */,
			);
			runOnlyForDeploymentPostprocessing = 0;
		};
/* End PBXFrameworksBuildPhase section */

/* Begin PBXGroup section */
		03547DE449AD69A4A14DEE75 /* Frameworks */ = {
			isa = PBXGroup;
			children = (
				6FBBB0674C9BAE8AC3EA986B /* Pods_RecyPlaces.framework */,
			);
			name = Frameworks;
			sourceTree = "<group>";
		};
		8B348D0E2919E3CA000B535A = {
			isa = PBXGroup;
			children = (
				8B348D192919E3CA000B535A /* RecyPlaces */,
				8B348D182919E3CA000B535A /* Products */,
				FE8F2BACB43B217409CA0D79 /* Pods */,
				03547DE449AD69A4A14DEE75 /* Frameworks */,
			);
			sourceTree = "<group>";
		};
		8B348D182919E3CA000B535A /* Products */ = {
			isa = PBXGroup;
			children = (
				8B348D172919E3CA000B535A /* RecyPlaces.app */,
			);
			name = Products;
			sourceTree = "<group>";
		};
		8B348D192919E3CA000B535A /* RecyPlaces */ = {
			isa = PBXGroup;
			children = (
				8B348D3A2919E628000B535A /* Helper */,
				8B348D372919E595000B535A /* Cell */,
				8B348D2E2919E45C000B535A /* Controller */,
				8B348D1A2919E3CA000B535A /* AppDelegate.swift */,
				8B348D1C2919E3CA000B535A /* SceneDelegate.swift */,
				8B348D1E2919E3CA000B535A /* ViewController.swift */,
				8B348D202919E3CA000B535A /* Main.storyboard */,
				8B348D232919E3CC000B535A /* Assets.xcassets */,
				8B348D252919E3CC000B535A /* LaunchScreen.storyboard */,
				8B348D282919E3CC000B535A /* Info.plist */,
			);
			path = RecyPlaces;
			sourceTree = "<group>";
		};
		8B348D2E2919E45C000B535A /* Controller */ = {
			isa = PBXGroup;
			children = (
				8B348D2F2919E479000B535A /* MapsViewController.swift */,
				8B348D312919E505000B535A /* NearMeTableViewController.swift */,
				8B348D332919E536000B535A /* ContainerViewController.swift */,
				8B348D352919E572000B535A /* MapViewDetailsTableViewController.swift */,
				8BF71D63291AF0770065B9DA /* LaunchScreenViewController.swift */,
			);
			path = Controller;
			sourceTree = "<group>";
		};
		8B348D372919E595000B535A /* Cell */ = {
			isa = PBXGroup;
			children = (
				8B348D382919E59C000B535A /* NearMeTableViewCell.swift */,
			);
			path = Cell;
			sourceTree = "<group>";
		};
		8B348D3A2919E628000B535A /* Helper */ = {
			isa = PBXGroup;
			children = (
				8BF71D61291AEFB70065B9DA /* RecyPlaces-2.gif */,
				8B348D3C2919E652000B535A /* UIColor+Extension.swift */,
				8B348D3F2919E862000B535A /* Place.swift */,
				8B348D412919E888000B535A /* PlaceAnnotation.swift */,
				8B348D432919EDA0000B535A /* ViewConfiguration.swift */,
				8BF71D65291AF08F0065B9DA /* UIImageView+Extension.swift */,
			);
			path = Helper;
			sourceTree = "<group>";
		};
		FE8F2BACB43B217409CA0D79 /* Pods */ = {
			isa = PBXGroup;
			children = (
				BE9E02438C2DE226E0FCF13E /* Pods-RecyPlaces.debug.xcconfig */,
				80A627A8047A0A0869D44541 /* Pods-RecyPlaces.release.xcconfig */,
			);
			path = Pods;
			sourceTree = "<group>";
		};
/* End PBXGroup section */

/* Begin PBXNativeTarget section */
		8B348D162919E3CA000B535A /* RecyPlaces */ = {
			isa = PBXNativeTarget;
			buildConfigurationList = 8B348D2B2919E3CC000B535A /* Build configuration list for PBXNativeTarget "RecyPlaces" */;
			buildPhases = (
				5BDF2F17C94FE334AB731E21 /* [CP] Check Pods Manifest.lock */,
				8B348D132919E3CA000B535A /* Sources */,
				8B348D142919E3CA000B535A /* Frameworks */,
				8B348D152919E3CA000B535A /* Resources */,
				0344440C5987B0D4A5E71359 /* [CP] Embed Pods Frameworks */,
			);
			buildRules = (
			);
			dependencies = (
			);
			name = RecyPlaces;
			productName = RecyPlaces;
			productReference = 8B348D172919E3CA000B535A /* RecyPlaces.app */;
			productType = "com.apple.product-type.application";
		};
/* End PBXNativeTarget section */

/* Begin PBXProject section */
		8B348D0F2919E3CA000B535A /* Project object */ = {
			isa = PBXProject;
			attributes = {
				BuildIndependentTargetsInParallel = 1;
				LastSwiftUpdateCheck = 1340;
				LastUpgradeCheck = 1340;
				TargetAttributes = {
					8B348D162919E3CA000B535A = {
						CreatedOnToolsVersion = 13.4.1;
					};
				};
			};
			buildConfigurationList = 8B348D122919E3CA000B535A /* Build configuration list for PBXProject "RecyPlaces" */;
			compatibilityVersion = "Xcode 13.0";
			developmentRegion = en;
			hasScannedForEncodings = 0;
			knownRegions = (
				en,
				Base,
			);
			mainGroup = 8B348D0E2919E3CA000B535A;
			productRefGroup = 8B348D182919E3CA000B535A /* Products */;
			projectDirPath = "";
			projectRoot = "";
			targets = (
				8B348D162919E3CA000B535A /* RecyPlaces */,
			);
		};
/* End PBXProject section */

/* Begin PBXResourcesBuildPhase section */
		8B348D152919E3CA000B535A /* Resources */ = {
			isa = PBXResourcesBuildPhase;
			buildActionMask = 2147483647;
			files = (
				8B348D272919E3CC000B535A /* LaunchScreen.storyboard in Resources */,
				8B348D242919E3CC000B535A /* Assets.xcassets in Resources */,
				8BF71D62291AEFB70065B9DA /* RecyPlaces-2.gif in Resources */,
				8B348D222919E3CA000B535A /* Main.storyboard in Resources */,
			);
			runOnlyForDeploymentPostprocessing = 0;
		};
/* End PBXResourcesBuildPhase section */

/* Begin PBXShellScriptBuildPhase section */
		0344440C5987B0D4A5E71359 /* [CP] Embed Pods Frameworks */ = {
			isa = PBXShellScriptBuildPhase;
			buildActionMask = 2147483647;
			files = (
			);
			inputFileListPaths = (
				"${PODS_ROOT}/Target Support Files/Pods-RecyPlaces/Pods-RecyPlaces-frameworks-${CONFIGURATION}-input-files.xcfilelist",
			);
			name = "[CP] Embed Pods Frameworks";
			outputFileListPaths = (
				"${PODS_ROOT}/Target Support Files/Pods-RecyPlaces/Pods-RecyPlaces-frameworks-${CONFIGURATION}-output-files.xcfilelist",
			);
			runOnlyForDeploymentPostprocessing = 0;
			shellPath = /bin/sh;
			shellScript = "\"${PODS_ROOT}/Target Support Files/Pods-RecyPlaces/Pods-RecyPlaces-frameworks.sh\"\n";
			showEnvVarsInLog = 0;
		};
		5BDF2F17C94FE334AB731E21 /* [CP] Check Pods Manifest.lock */ = {
			isa = PBXShellScriptBuildPhase;
			buildActionMask = 2147483647;
			files = (
			);
			inputFileListPaths = (
			);
			inputPaths = (
				"${PODS_PODFILE_DIR_PATH}/Podfile.lock",
				"${PODS_ROOT}/Manifest.lock",
			);
			name = "[CP] Check Pods Manifest.lock";
			outputFileListPaths = (
			);
			outputPaths = (
				"$(DERIVED_FILE_DIR)/Pods-RecyPlaces-checkManifestLockResult.txt",
			);
			runOnlyForDeploymentPostprocessing = 0;
			shellPath = /bin/sh;
			shellScript = "diff \"${PODS_PODFILE_DIR_PATH}/Podfile.lock\" \"${PODS_ROOT}/Manifest.lock\" > /dev/null\nif [ $? != 0 ] ; then\n    # print error to STDERR\n    echo \"error: The sandbox is not in sync with the Podfile.lock. Run 'pod install' or update your CocoaPods installation.\" >&2\n    exit 1\nfi\n# This output is used by Xcode 'outputs' to avoid re-running this script phase.\necho \"SUCCESS\" > \"${SCRIPT_OUTPUT_FILE_0}\"\n";
			showEnvVarsInLog = 0;
		};
/* End PBXShellScriptBuildPhase section */

/* Begin PBXSourcesBuildPhase section */
		8B348D132919E3CA000B535A /* Sources */ = {
			isa = PBXSourcesBuildPhase;
			buildActionMask = 2147483647;
			files = (
				8B348D1F2919E3CA000B535A /* ViewController.swift in Sources */,
				8BF71D64291AF0770065B9DA /* LaunchScreenViewController.swift in Sources */,
				8BF71D66291AF08F0065B9DA /* UIImageView+Extension.swift in Sources */,
				8B348D362919E572000B535A /* MapViewDetailsTableViewController.swift in Sources */,
				8B348D422919E888000B535A /* PlaceAnnotation.swift in Sources */,
				8B348D1B2919E3CA000B535A /* AppDelegate.swift in Sources */,
				8B348D3D2919E652000B535A /* UIColor+Extension.swift in Sources */,
				8B348D1D2919E3CA000B535A /* SceneDelegate.swift in Sources */,
				8B348D302919E479000B535A /* MapsViewController.swift in Sources */,
				8B348D342919E536000B535A /* ContainerViewController.swift in Sources */,
				8B348D322919E505000B535A /* NearMeTableViewController.swift in Sources */,
				8B348D442919EDA0000B535A /* ViewConfiguration.swift in Sources */,
				8B348D392919E59C000B535A /* NearMeTableViewCell.swift in Sources */,
				8B348D402919E862000B535A /* Place.swift in Sources */,
			);
			runOnlyForDeploymentPostprocessing = 0;
		};
/* End PBXSourcesBuildPhase section */

/* Begin PBXVariantGroup section */
		8B348D202919E3CA000B535A /* Main.storyboard */ = {
			isa = PBXVariantGroup;
			children = (
				8B348D212919E3CA000B535A /* Base */,
			);
			name = Main.storyboard;
			sourceTree = "<group>";
		};
		8B348D252919E3CC000B535A /* LaunchScreen.storyboard */ = {
			isa = PBXVariantGroup;
			children = (
				8B348D262919E3CC000B535A /* Base */,
			);
			name = LaunchScreen.storyboard;
			sourceTree = "<group>";
		};
/* End PBXVariantGroup section */

/* Begin XCBuildConfiguration section */
		8B348D292919E3CC000B535A /* Debug */ = {
			isa = XCBuildConfiguration;
			buildSettings = {
				ALWAYS_SEARCH_USER_PATHS = NO;
				CLANG_ANALYZER_NONNULL = YES;
				CLANG_ANALYZER_NUMBER_OBJECT_CONVERSION = YES_AGGRESSIVE;
				CLANG_CXX_LANGUAGE_STANDARD = "gnu++17";
				CLANG_ENABLE_MODULES = YES;
				CLANG_ENABLE_OBJC_ARC = YES;
				CLANG_ENABLE_OBJC_WEAK = YES;
				CLANG_WARN_BLOCK_CAPTURE_AUTORELEASING = YES;
				CLANG_WARN_BOOL_CONVERSION = YES;
				CLANG_WARN_COMMA = YES;
				CLANG_WARN_CONSTANT_CONVERSION = YES;
				CLANG_WARN_DEPRECATED_OBJC_IMPLEMENTATIONS = YES;
				CLANG_WARN_DIRECT_OBJC_ISA_USAGE = YES_ERROR;
				CLANG_WARN_DOCUMENTATION_COMMENTS = YES;
				CLANG_WARN_EMPTY_BODY = YES;
				CLANG_WARN_ENUM_CONVERSION = YES;
				CLANG_WARN_INFINITE_RECURSION = YES;
				CLANG_WARN_INT_CONVERSION = YES;
				CLANG_WARN_NON_LITERAL_NULL_CONVERSION = YES;
				CLANG_WARN_OBJC_IMPLICIT_RETAIN_SELF = YES;
				CLANG_WARN_OBJC_LITERAL_CONVERSION = YES;
				CLANG_WARN_OBJC_ROOT_CLASS = YES_ERROR;
				CLANG_WARN_QUOTED_INCLUDE_IN_FRAMEWORK_HEADER = YES;
				CLANG_WARN_RANGE_LOOP_ANALYSIS = YES;
				CLANG_WARN_STRICT_PROTOTYPES = YES;
				CLANG_WARN_SUSPICIOUS_MOVE = YES;
				CLANG_WARN_UNGUARDED_AVAILABILITY = YES_AGGRESSIVE;
				CLANG_WARN_UNREACHABLE_CODE = YES;
				CLANG_WARN__DUPLICATE_METHOD_MATCH = YES;
				COPY_PHASE_STRIP = NO;
				DEBUG_INFORMATION_FORMAT = dwarf;
				ENABLE_STRICT_OBJC_MSGSEND = YES;
				ENABLE_TESTABILITY = YES;
				GCC_C_LANGUAGE_STANDARD = gnu11;
				GCC_DYNAMIC_NO_PIC = NO;
				GCC_NO_COMMON_BLOCKS = YES;
				GCC_OPTIMIZATION_LEVEL = 0;
				GCC_PREPROCESSOR_DEFINITIONS = (
					"DEBUG=1",
					"$(inherited)",
				);
				GCC_WARN_64_TO_32_BIT_CONVERSION = YES;
				GCC_WARN_ABOUT_RETURN_TYPE = YES_ERROR;
				GCC_WARN_UNDECLARED_SELECTOR = YES;
				GCC_WARN_UNINITIALIZED_AUTOS = YES_AGGRESSIVE;
				GCC_WARN_UNUSED_FUNCTION = YES;
				GCC_WARN_UNUSED_VARIABLE = YES;
				IPHONEOS_DEPLOYMENT_TARGET = 15.5;
				MTL_ENABLE_DEBUG_INFO = INCLUDE_SOURCE;
				MTL_FAST_MATH = YES;
				ONLY_ACTIVE_ARCH = YES;
				SDKROOT = iphoneos;
				SWIFT_ACTIVE_COMPILATION_CONDITIONS = DEBUG;
				SWIFT_OPTIMIZATION_LEVEL = "-Onone";
			};
			name = Debug;
		};
		8B348D2A2919E3CC000B535A /* Release */ = {
			isa = XCBuildConfiguration;
			buildSettings = {
				ALWAYS_SEARCH_USER_PATHS = NO;
				CLANG_ANALYZER_NONNULL = YES;
				CLANG_ANALYZER_NUMBER_OBJECT_CONVERSION = YES_AGGRESSIVE;
				CLANG_CXX_LANGUAGE_STANDARD = "gnu++17";
				CLANG_ENABLE_MODULES = YES;
				CLANG_ENABLE_OBJC_ARC = YES;
				CLANG_ENABLE_OBJC_WEAK = YES;
				CLANG_WARN_BLOCK_CAPTURE_AUTORELEASING = YES;
				CLANG_WARN_BOOL_CONVERSION = YES;
				CLANG_WARN_COMMA = YES;
				CLANG_WARN_CONSTANT_CONVERSION = YES;
				CLANG_WARN_DEPRECATED_OBJC_IMPLEMENTATIONS = YES;
				CLANG_WARN_DIRECT_OBJC_ISA_USAGE = YES_ERROR;
				CLANG_WARN_DOCUMENTATION_COMMENTS = YES;
				CLANG_WARN_EMPTY_BODY = YES;
				CLANG_WARN_ENUM_CONVERSION = YES;
				CLANG_WARN_INFINITE_RECURSION = YES;
				CLANG_WARN_INT_CONVERSION = YES;
				CLANG_WARN_NON_LITERAL_NULL_CONVERSION = YES;
				CLANG_WARN_OBJC_IMPLICIT_RETAIN_SELF = YES;
				CLANG_WARN_OBJC_LITERAL_CONVERSION = YES;
				CLANG_WARN_OBJC_ROOT_CLASS = YES_ERROR;
				CLANG_WARN_QUOTED_INCLUDE_IN_FRAMEWORK_HEADER = YES;
				CLANG_WARN_RANGE_LOOP_ANALYSIS = YES;
				CLANG_WARN_STRICT_PROTOTYPES = YES;
				CLANG_WARN_SUSPICIOUS_MOVE = YES;
				CLANG_WARN_UNGUARDED_AVAILABILITY = YES_AGGRESSIVE;
				CLANG_WARN_UNREACHABLE_CODE = YES;
				CLANG_WARN__DUPLICATE_METHOD_MATCH = YES;
				COPY_PHASE_STRIP = NO;
				DEBUG_INFORMATION_FORMAT = "dwarf-with-dsym";
				ENABLE_NS_ASSERTIONS = NO;
				ENABLE_STRICT_OBJC_MSGSEND = YES;
				GCC_C_LANGUAGE_STANDARD = gnu11;
				GCC_NO_COMMON_BLOCKS = YES;
				GCC_WARN_64_TO_32_BIT_CONVERSION = YES;
				GCC_WARN_ABOUT_RETURN_TYPE = YES_ERROR;
				GCC_WARN_UNDECLARED_SELECTOR = YES;
				GCC_WARN_UNINITIALIZED_AUTOS = YES_AGGRESSIVE;
				GCC_WARN_UNUSED_FUNCTION = YES;
				GCC_WARN_UNUSED_VARIABLE = YES;
				IPHONEOS_DEPLOYMENT_TARGET = 15.5;
				MTL_ENABLE_DEBUG_INFO = NO;
				MTL_FAST_MATH = YES;
				SDKROOT = iphoneos;
				SWIFT_COMPILATION_MODE = wholemodule;
				SWIFT_OPTIMIZATION_LEVEL = "-O";
				VALIDATE_PRODUCT = YES;
			};
			name = Release;
		};
		8B348D2C2919E3CC000B535A /* Debug */ = {
			isa = XCBuildConfiguration;
			baseConfigurationReference = BE9E02438C2DE226E0FCF13E /* Pods-RecyPlaces.debug.xcconfig */;
			buildSettings = {
				ASSETCATALOG_COMPILER_APPICON_NAME = AppIcon;
				ASSETCATALOG_COMPILER_GLOBAL_ACCENT_COLOR_NAME = AccentColor;
				CODE_SIGN_STYLE = Automatic;
				CURRENT_PROJECT_VERSION = 1;
				DEVELOPMENT_TEAM = SG883V6233;
				GENERATE_INFOPLIST_FILE = YES;
				INFOPLIST_FILE = RecyPlaces/Info.plist;
				INFOPLIST_KEY_NSLocationAlwaysAndWhenInUseUsageDescription = teste;
				INFOPLIST_KEY_NSLocationWhenInUseUsageDescription = testes;
				INFOPLIST_KEY_UIApplicationSupportsIndirectInputEvents = YES;
				INFOPLIST_KEY_UILaunchStoryboardName = LaunchScreen;
				INFOPLIST_KEY_UISupportedInterfaceOrientations = UIInterfaceOrientationPortrait;
				INFOPLIST_KEY_UISupportedInterfaceOrientations_iPad = "UIInterfaceOrientationPortrait UIInterfaceOrientationPortraitUpsideDown UIInterfaceOrientationLandscapeLeft UIInterfaceOrientationLandscapeRight";
				INFOPLIST_KEY_UISupportedInterfaceOrientations_iPhone = "UIInterfaceOrientationPortrait UIInterfaceOrientationLandscapeLeft UIInterfaceOrientationLandscapeRight";
				IPHONEOS_DEPLOYMENT_TARGET = 15.0;
				LD_RUNPATH_SEARCH_PATHS = (
					"$(inherited)",
					"@executable_path/Frameworks",
				);
				MARKETING_VERSION = 1.0;
				PRODUCT_BUNDLE_IDENTIFIER = com.recyPlaces.RecyPlaces;
				PRODUCT_NAME = "$(TARGET_NAME)";
				SWIFT_EMIT_LOC_STRINGS = YES;
				SWIFT_VERSION = 5.0;
				TARGETED_DEVICE_FAMILY = 1;
			};
			name = Debug;
		};
		8B348D2D2919E3CC000B535A /* Release */ = {
			isa = XCBuildConfiguration;
			baseConfigurationReference = 80A627A8047A0A0869D44541 /* Pods-RecyPlaces.release.xcconfig */;
			buildSettings = {
				ASSETCATALOG_COMPILER_APPICON_NAME = AppIcon;
				ASSETCATALOG_COMPILER_GLOBAL_ACCENT_COLOR_NAME = AccentColor;
				CODE_SIGN_STYLE = Automatic;
				CURRENT_PROJECT_VERSION = 1;
				DEVELOPMENT_TEAM = SG883V6233;
				GENERATE_INFOPLIST_FILE = YES;
				INFOPLIST_FILE = RecyPlaces/Info.plist;
				INFOPLIST_KEY_NSLocationAlwaysAndWhenInUseUsageDescription = teste;
				INFOPLIST_KEY_NSLocationWhenInUseUsageDescription = testes;
				INFOPLIST_KEY_UIApplicationSupportsIndirectInputEvents = YES;
				INFOPLIST_KEY_UILaunchStoryboardName = LaunchScreen;
				INFOPLIST_KEY_UISupportedInterfaceOrientations = UIInterfaceOrientationPortrait;
				INFOPLIST_KEY_UISupportedInterfaceOrientations_iPad = "UIInterfaceOrientationPortrait UIInterfaceOrientationPortraitUpsideDown UIInterfaceOrientationLandscapeLeft UIInterfaceOrientationLandscapeRight";
				INFOPLIST_KEY_UISupportedInterfaceOrientations_iPhone = "UIInterfaceOrientationPortrait UIInterfaceOrientationLandscapeLeft UIInterfaceOrientationLandscapeRight";
				IPHONEOS_DEPLOYMENT_TARGET = 15.0;
				LD_RUNPATH_SEARCH_PATHS = (
					"$(inherited)",
					"@executable_path/Frameworks",
				);
				MARKETING_VERSION = 1.0;
				PRODUCT_BUNDLE_IDENTIFIER = com.recyPlaces.RecyPlaces;
				PRODUCT_NAME = "$(TARGET_NAME)";
				SWIFT_EMIT_LOC_STRINGS = YES;
				SWIFT_VERSION = 5.0;
				TARGETED_DEVICE_FAMILY = 1;
			};
			name = Release;
		};
/* End XCBuildConfiguration section */

/* Begin XCConfigurationList section */
		8B348D122919E3CA000B535A /* Build configuration list for PBXProject "RecyPlaces" */ = {
			isa = XCConfigurationList;
			buildConfigurations = (
				8B348D292919E3CC000B535A /* Debug */,
				8B348D2A2919E3CC000B535A /* Release */,
			);
			defaultConfigurationIsVisible = 0;
			defaultConfigurationName = Release;
		};
		8B348D2B2919E3CC000B535A /* Build configuration list for PBXNativeTarget "RecyPlaces" */ = {
			isa = XCConfigurationList;
			buildConfigurations = (
				8B348D2C2919E3CC000B535A /* Debug */,
				8B348D2D2919E3CC000B535A /* Release */,
			);
			defaultConfigurationIsVisible = 0;
			defaultConfigurationName = Release;
		};
/* End XCConfigurationList section */
	};
	rootObject = 8B348D0F2919E3CA000B535A /* Project object */;
}
